
Microsoft Visual Studio Solution File, Format Version 12.00
# Visual Studio Version 17
VisualStudioVersion = 17.14.36109.1 d17.14
MinimumVisualStudioVersion = 10.0.40219.1
Project("{FAE04EC0-301F-11D3-BF4B-00C04F79EFBC}") = "Empresa_Access_Granted", "Empresa_Access_Granted\Empresa_Access_Granted.csproj", "{4BBAB15F-24F8-49C2-8448-3AE21FF3B946}"
EndProject
Global
	GlobalSection(SolutionConfigurationPlatforms) = preSolution
		Debug|Any CPU = Debug|Any CPU
		Release|Any CPU = Release|Any CPU
	EndGlobalSection
	GlobalSection(ProjectConfigurationPlatforms) = postSolution
		{4BBAB15F-24F8-49C2-8448-3AE21FF3B946}.Debug|Any CPU.ActiveCfg = Debug|Any CPU
		{4BBAB15F-24F8-49C2-8448-3AE21FF3B946}.Debug|Any CPU.Build.0 = Debug|Any CPU
		{4BBAB15F-24F8-49C2-8448-3AE21FF3B946}.Release|Any CPU.ActiveCfg = Release|Any CPU
		{4BBAB15F-24F8-49C2-8448-3AE21FF3B946}.Release|Any CPU.Build.0 = Release|Any CPU
	EndGlobalSection
	GlobalSection(SolutionProperties) = preSolution
		HideSolutionNode = FALSE
	EndGlobalSection
	GlobalSection(ExtensibilityGlobals) = postSolution
		SolutionGuid = {04ED1DE6-2397-4B61-9C96-FDC2110AFBB6}
	EndGlobalSection
EndGlobal
